
Microsoft Visual Studio Solution File, Format Version 12.00
# Visual Studio Version 17
VisualStudioVersion = 17.5.33530.505
MinimumVisualStudioVersion = 10.0.40219.1
Project("{9A19103F-16F7-4668-BE54-9A1E7A4F7556}") = "ClientService_Integration", "ClientService_Integration\ClientService_Integration.csproj", "{B8CD4D7F-EFB2-4556-B3B4-015CD5770095}"
EndProject
Project("{9A19103F-16F7-4668-BE54-9A1E7A4F7556}") = "Service.DATA", "Service.DATA\Service.DATA.csproj", "{6566FEDC-C842-4DE1-8D1B-80A143743CE5}"
EndProject
Project("{FAE04EC0-301F-11D3-BF4B-00C04F79EFBC}") = "Service.ShepSynch", "Service.ShepSynch\Service.ShepSynch.csproj", "{4BB1DAF5-D2E8-4332-AAC2-A362D04DCE2A}"
EndProject
Project("{FAE04EC0-301F-11D3-BF4B-00C04F79EFBC}") = "Service.Helpers", "Service.Helpers\Service.Helpers.csproj", "{B590473B-FC33-4C8C-BF2A-ED274E1AF093}"
EndProject
Global
	GlobalSection(SolutionConfigurationPlatforms) = preSolution
		Debug|Any CPU = Debug|Any CPU
		Release|Any CPU = Release|Any CPU
	EndGlobalSection
	GlobalSection(ProjectConfigurationPlatforms) = postSolution
		{B8CD4D7F-EFB2-4556-B3B4-015CD5770095}.Debug|Any CPU.ActiveCfg = Debug|Any CPU
		{B8CD4D7F-EFB2-4556-B3B4-015CD5770095}.Debug|Any CPU.Build.0 = Debug|Any CPU
		{B8CD4D7F-EFB2-4556-B3B4-015CD5770095}.Release|Any CPU.ActiveCfg = Release|Any CPU
		{B8CD4D7F-EFB2-4556-B3B4-015CD5770095}.Release|Any CPU.Build.0 = Release|Any CPU
		{6566FEDC-C842-4DE1-8D1B-80A143743CE5}.Debug|Any CPU.ActiveCfg = Debug|Any CPU
		{6566FEDC-C842-4DE1-8D1B-80A143743CE5}.Debug|Any CPU.Build.0 = Debug|Any CPU
		{6566FEDC-C842-4DE1-8D1B-80A143743CE5}.Release|Any CPU.ActiveCfg = Release|Any CPU
		{6566FEDC-C842-4DE1-8D1B-80A143743CE5}.Release|Any CPU.Build.0 = Release|Any CPU
		{4BB1DAF5-D2E8-4332-AAC2-A362D04DCE2A}.Debug|Any CPU.ActiveCfg = Debug|Any CPU
		{4BB1DAF5-D2E8-4332-AAC2-A362D04DCE2A}.Debug|Any CPU.Build.0 = Debug|Any CPU
		{4BB1DAF5-D2E8-4332-AAC2-A362D04DCE2A}.Release|Any CPU.ActiveCfg = Release|Any CPU
		{4BB1DAF5-D2E8-4332-AAC2-A362D04DCE2A}.Release|Any CPU.Build.0 = Release|Any CPU
		{B590473B-FC33-4C8C-BF2A-ED274E1AF093}.Debug|Any CPU.ActiveCfg = Debug|Any CPU
		{B590473B-FC33-4C8C-BF2A-ED274E1AF093}.Debug|Any CPU.Build.0 = Debug|Any CPU
		{B590473B-FC33-4C8C-BF2A-ED274E1AF093}.Release|Any CPU.ActiveCfg = Release|Any CPU
		{B590473B-FC33-4C8C-BF2A-ED274E1AF093}.Release|Any CPU.Build.0 = Release|Any CPU
	EndGlobalSection
	GlobalSection(SolutionProperties) = preSolution
		HideSolutionNode = FALSE
	EndGlobalSection
	GlobalSection(ExtensibilityGlobals) = postSolution
		SolutionGuid = {150AFDC1-597C-4736-BAC6-B37D3205C6F2}
	EndGlobalSection
EndGlobal
